// !$*UTF8*$!
{
	archiveVersion = 1;
	classes = {
	};
	objectVersion = 55;
	objects = {

/* Begin PBXBuildFile section */
		8172147A275E1F7B00DBEE3B /* AppDelegate.swift in Sources */ = {isa = PBXBuildFile; fileRef = 81721479275E1F7B00DBEE3B /* AppDelegate.swift */; };
		8172147C275E1F7B00DBEE3B /* SceneDelegate.swift in Sources */ = {isa = PBXBuildFile; fileRef = 8172147B275E1F7B00DBEE3B /* SceneDelegate.swift */; };
		8172147E275E1F7B00DBEE3B /* ViewController.swift in Sources */ = {isa = PBXBuildFile; fileRef = 8172147D275E1F7B00DBEE3B /* ViewController.swift */; };
		81721481275E1F7B00DBEE3B /* Main.storyboard in Resources */ = {isa = PBXBuildFile; fileRef = 8172147F275E1F7B00DBEE3B /* Main.storyboard */; };
		81721483275E1F7C00DBEE3B /* Assets.xcassets in Resources */ = {isa = PBXBuildFile; fileRef = 81721482275E1F7C00DBEE3B /* Assets.xcassets */; };
		81721486275E1F7C00DBEE3B /* LaunchScreen.storyboard in Resources */ = {isa = PBXBuildFile; fileRef = 81721484275E1F7C00DBEE3B /* LaunchScreen.storyboard */; };
		8172148F275E1FAC00DBEE3B /* SwiftBrick in Frameworks */ = {isa = PBXBuildFile; productRef = 8172148E275E1FAC00DBEE3B /* SwiftBrick */; };
		81721495275E204300DBEE3B /* ListDataSource in Frameworks */ = {isa = PBXBuildFile; productRef = 81721494275E204300DBEE3B /* ListDataSource */; };
		8172149B275E207D00DBEE3B /* SwiftEmptyData in Frameworks */ = {isa = PBXBuildFile; productRef = 8172149A275E207D00DBEE3B /* SwiftEmptyData */; };
		8172149E275E212F00DBEE3B /* Kanna in Frameworks */ = {isa = PBXBuildFile; productRef = 8172149D275E212F00DBEE3B /* Kanna */; };
		81879A67275F33C300A3DC14 /* EFQRCode in Frameworks */ = {isa = PBXBuildFile; productRef = 81879A66275F33C300A3DC14 /* EFQRCode */; };
		81879A6B275F57B300A3DC14 /* SwiftShow in Frameworks */ = {isa = PBXBuildFile; productRef = 81879A6A275F57B300A3DC14 /* SwiftShow */; };
/* End PBXBuildFile section */

/* Begin PBXFileReference section */
		81721476275E1F7B00DBEE3B /* BaiduFree.app */ = {isa = PBXFileReference; explicitFileType = wrapper.application; includeInIndex = 0; path = BaiduFree.app; sourceTree = BUILT_PRODUCTS_DIR; };
		81721479275E1F7B00DBEE3B /* AppDelegate.swift */ = {isa = PBXFileReference; lastKnownFileType = sourcecode.swift; path = AppDelegate.swift; sourceTree = "<group>"; };
		8172147B275E1F7B00DBEE3B /* SceneDelegate.swift */ = {isa = PBXFileReference; lastKnownFileType = sourcecode.swift; path = SceneDelegate.swift; sourceTree = "<group>"; };
		8172147D275E1F7B00DBEE3B /* ViewController.swift */ = {isa = PBXFileReference; lastKnownFileType = sourcecode.swift; path = ViewController.swift; sourceTree = "<group>"; };
		81721480275E1F7B00DBEE3B /* Base */ = {isa = PBXFileReference; lastKnownFileType = file.storyboard; name = Base; path = Base.lproj/Main.storyboard; sourceTree = "<group>"; };
		81721482275E1F7C00DBEE3B /* Assets.xcassets */ = {isa = PBXFileReference; lastKnownFileType = folder.assetcatalog; path = Assets.xcassets; sourceTree = "<group>"; };
		81721485275E1F7C00DBEE3B /* Base */ = {isa = PBXFileReference; lastKnownFileType = file.storyboard; name = Base; path = Base.lproj/LaunchScreen.storyboard; sourceTree = "<group>"; };
		81721487275E1F7C00DBEE3B /* Info.plist */ = {isa = PBXFileReference; lastKnownFileType = text.plist.xml; path = Info.plist; sourceTree = "<group>"; };
/* End PBXFileReference section */

/* Begin PBXFrameworksBuildPhase section */
		81721473275E1F7B00DBEE3B /* Frameworks */ = {
			isa = PBXFrameworksBuildPhase;
			buildActionMask = 2147483647;
			files = (
				8172149E275E212F00DBEE3B /* Kanna in Frameworks */,
				8172148F275E1FAC00DBEE3B /* SwiftBrick in Frameworks */,
				81721495275E204300DBEE3B /* ListDataSource in Frameworks */,
				8172149B275E207D00DBEE3B /* SwiftEmptyData in Frameworks */,
				81879A67275F33C300A3DC14 /* EFQRCode in Frameworks */,
				81879A6B275F57B300A3DC14 /* SwiftShow in Frameworks */,
			);
			runOnlyForDeploymentPostprocessing = 0;
		};
/* End PBXFrameworksBuildPhase section */

/* Begin PBXGroup section */
		8172146D275E1F7B00DBEE3B = {
			isa = PBXGroup;
			children = (
				81721478275E1F7B00DBEE3B /* BaiduFree */,
				81721477275E1F7B00DBEE3B /* Products */,
			);
			sourceTree = "<group>";
		};
		81721477275E1F7B00DBEE3B /* Products */ = {
			isa = PBXGroup;
			children = (
				81721476275E1F7B00DBEE3B /* BaiduFree.app */,
			);
			name = Products;
			sourceTree = "<group>";
		};
		81721478275E1F7B00DBEE3B /* BaiduFree */ = {
			isa = PBXGroup;
			children = (
				81721479275E1F7B00DBEE3B /* AppDelegate.swift */,
				8172147B275E1F7B00DBEE3B /* SceneDelegate.swift */,
				8172147D275E1F7B00DBEE3B /* ViewController.swift */,
				8172147F275E1F7B00DBEE3B /* Main.storyboard */,
				81721482275E1F7C00DBEE3B /* Assets.xcassets */,
				81721484275E1F7C00DBEE3B /* LaunchScreen.storyboard */,
				81721487275E1F7C00DBEE3B /* Info.plist */,
			);
			path = BaiduFree;
			sourceTree = "<group>";
		};
/* End PBXGroup section */

/* Begin PBXNativeTarget section */
		81721475275E1F7B00DBEE3B /* BaiduFree */ = {
			isa = PBXNativeTarget;
			buildConfigurationList = 8172148A275E1F7C00DBEE3B /* Build configuration list for PBXNativeTarget "BaiduFree" */;
			buildPhases = (
				81721472275E1F7B00DBEE3B /* Sources */,
				81721473275E1F7B00DBEE3B /* Frameworks */,
				81721474275E1F7B00DBEE3B /* Resources */,
			);
			buildRules = (
			);
			dependencies = (
			);
			name = BaiduFree;
			packageProductDependencies = (
				8172148E275E1FAC00DBEE3B /* SwiftBrick */,
				81721494275E204300DBEE3B /* ListDataSource */,
				8172149A275E207D00DBEE3B /* SwiftEmptyData */,
				8172149D275E212F00DBEE3B /* Kanna */,
				81879A66275F33C300A3DC14 /* EFQRCode */,
				81879A6A275F57B300A3DC14 /* SwiftShow */,
			);
			productName = BaiduFree;
			productReference = 81721476275E1F7B00DBEE3B /* BaiduFree.app */;
			productType = "com.apple.product-type.application";
		};
/* End PBXNativeTarget section */

/* Begin PBXProject section */
		8172146E275E1F7B00DBEE3B /* Project object */ = {
			isa = PBXProject;
			attributes = {
				BuildIndependentTargetsInParallel = 1;
				LastSwiftUpdateCheck = 1310;
				LastUpgradeCheck = 1310;
				TargetAttributes = {
					81721475275E1F7B00DBEE3B = {
						CreatedOnToolsVersion = 13.1;
					};
				};
			};
			buildConfigurationList = 81721471275E1F7B00DBEE3B /* Build configuration list for PBXProject "BaiduFree" */;
			compatibilityVersion = "Xcode 13.0";
			developmentRegion = en;
			hasScannedForEncodings = 0;
			knownRegions = (
				en,
				Base,
			);
			mainGroup = 8172146D275E1F7B00DBEE3B;
			packageReferences = (
				8172148D275E1FAB00DBEE3B /* XCRemoteSwiftPackageReference "SwiftBrick" */,
				81721493275E204300DBEE3B /* XCRemoteSwiftPackageReference "ListDataSource" */,
				81721499275E207D00DBEE3B /* XCRemoteSwiftPackageReference "SwiftEmptyData" */,
				8172149C275E212F00DBEE3B /* XCRemoteSwiftPackageReference "Kanna" */,
				81879A65275F33C300A3DC14 /* XCRemoteSwiftPackageReference "EFQRCode" */,
				81879A69275F57B300A3DC14 /* XCRemoteSwiftPackageReference "SwiftShow" */,
			);
			productRefGroup = 81721477275E1F7B00DBEE3B /* Products */;
			projectDirPath = "";
			projectRoot = "";
			targets = (
				81721475275E1F7B00DBEE3B /* BaiduFree */,
			);
		};
/* End PBXProject section */

/* Begin PBXResourcesBuildPhase section */
		81721474275E1F7B00DBEE3B /* Resources */ = {
			isa = PBXResourcesBuildPhase;
			buildActionMask = 2147483647;
			files = (
				81721486275E1F7C00DBEE3B /* LaunchScreen.storyboard in Resources */,
				81721483275E1F7C00DBEE3B /* Assets.xcassets in Resources */,
				81721481275E1F7B00DBEE3B /* Main.storyboard in Resources */,
			);
			runOnlyForDeploymentPostprocessing = 0;
		};
/* End PBXResourcesBuildPhase section */

/* Begin PBXSourcesBuildPhase section */
		81721472275E1F7B00DBEE3B /* Sources */ = {
			isa = PBXSourcesBuildPhase;
			buildActionMask = 2147483647;
			files = (
				8172147E275E1F7B00DBEE3B /* ViewController.swift in Sources */,
				8172147A275E1F7B00DBEE3B /* AppDelegate.swift in Sources */,
				8172147C275E1F7B00DBEE3B /* SceneDelegate.swift in Sources */,
			);
			runOnlyForDeploymentPostprocessing = 0;
		};
/* End PBXSourcesBuildPhase section */

/* Begin PBXVariantGroup section */
		8172147F275E1F7B00DBEE3B /* Main.storyboard */ = {
			isa = PBXVariantGroup;
			children = (
				81721480275E1F7B00DBEE3B /* Base */,
			);
			name = Main.storyboard;
			sourceTree = "<group>";
		};
		81721484275E1F7C00DBEE3B /* LaunchScreen.storyboard */ = {
			isa = PBXVariantGroup;
			children = (
				81721485275E1F7C00DBEE3B /* Base */,
			);
			name = LaunchScreen.storyboard;
			sourceTree = "<group>";
		};
/* End PBXVariantGroup section */

/* Begin XCBuildConfiguration section */
		81721488275E1F7C00DBEE3B /* Debug */ = {
			isa = XCBuildConfiguration;
			buildSettings = {
				ALWAYS_SEARCH_USER_PATHS = NO;
				CLANG_ANALYZER_NONNULL = YES;
				CLANG_ANALYZER_NUMBER_OBJECT_CONVERSION = YES_AGGRESSIVE;
				CLANG_CXX_LANGUAGE_STANDARD = "gnu++17";
				CLANG_CXX_LIBRARY = "libc++";
				CLANG_ENABLE_MODULES = YES;
				CLANG_ENABLE_OBJC_ARC = YES;
				CLANG_ENABLE_OBJC_WEAK = YES;
				CLANG_WARN_BLOCK_CAPTURE_AUTORELEASING = YES;
				CLANG_WARN_BOOL_CONVERSION = YES;
				CLANG_WARN_COMMA = YES;
				CLANG_WARN_CONSTANT_CONVERSION = YES;
				CLANG_WARN_DEPRECATED_OBJC_IMPLEMENTATIONS = YES;
				CLANG_WARN_DIRECT_OBJC_ISA_USAGE = YES_ERROR;
				CLANG_WARN_DOCUMENTATION_COMMENTS = YES;
				CLANG_WARN_EMPTY_BODY = YES;
				CLANG_WARN_ENUM_CONVERSION = YES;
				CLANG_WARN_INFINITE_RECURSION = YES;
				CLANG_WARN_INT_CONVERSION = YES;
				CLANG_WARN_NON_LITERAL_NULL_CONVERSION = YES;
				CLANG_WARN_OBJC_IMPLICIT_RETAIN_SELF = YES;
				CLANG_WARN_OBJC_LITERAL_CONVERSION = YES;
				CLANG_WARN_OBJC_ROOT_CLASS = YES_ERROR;
				CLANG_WARN_QUOTED_INCLUDE_IN_FRAMEWORK_HEADER = YES;
				CLANG_WARN_RANGE_LOOP_ANALYSIS = YES;
				CLANG_WARN_STRICT_PROTOTYPES = YES;
				CLANG_WARN_SUSPICIOUS_MOVE = YES;
				CLANG_WARN_UNGUARDED_AVAILABILITY = YES_AGGRESSIVE;
				CLANG_WARN_UNREACHABLE_CODE = YES;
				CLANG_WARN__DUPLICATE_METHOD_MATCH = YES;
				COPY_PHASE_STRIP = NO;
				DEBUG_INFORMATION_FORMAT = dwarf;
				ENABLE_STRICT_OBJC_MSGSEND = YES;
				ENABLE_TESTABILITY = YES;
				GCC_C_LANGUAGE_STANDARD = gnu11;
				GCC_DYNAMIC_NO_PIC = NO;
				GCC_NO_COMMON_BLOCKS = YES;
				GCC_OPTIMIZATION_LEVEL = 0;
				GCC_PREPROCESSOR_DEFINITIONS = (
					"DEBUG=1",
					"$(inherited)",
				);
				GCC_WARN_64_TO_32_BIT_CONVERSION = YES;
				GCC_WARN_ABOUT_RETURN_TYPE = YES_ERROR;
				GCC_WARN_UNDECLARED_SELECTOR = YES;
				GCC_WARN_UNINITIALIZED_AUTOS = YES_AGGRESSIVE;
				GCC_WARN_UNUSED_FUNCTION = YES;
				GCC_WARN_UNUSED_VARIABLE = YES;
				IPHONEOS_DEPLOYMENT_TARGET = 15.0;
				MTL_ENABLE_DEBUG_INFO = INCLUDE_SOURCE;
				MTL_FAST_MATH = YES;
				ONLY_ACTIVE_ARCH = YES;
				SDKROOT = iphoneos;
				SWIFT_ACTIVE_COMPILATION_CONDITIONS = DEBUG;
				SWIFT_OPTIMIZATION_LEVEL = "-Onone";
			};
			name = Debug;
		};
		81721489275E1F7C00DBEE3B /* Release */ = {
			isa = XCBuildConfiguration;
			buildSettings = {
				ALWAYS_SEARCH_USER_PATHS = NO;
				CLANG_ANALYZER_NONNULL = YES;
				CLANG_ANALYZER_NUMBER_OBJECT_CONVERSION = YES_AGGRESSIVE;
				CLANG_CXX_LANGUAGE_STANDARD = "gnu++17";
				CLANG_CXX_LIBRARY = "libc++";
				CLANG_ENABLE_MODULES = YES;
				CLANG_ENABLE_OBJC_ARC = YES;
				CLANG_ENABLE_OBJC_WEAK = YES;
				CLANG_WARN_BLOCK_CAPTURE_AUTORELEASING = YES;
				CLANG_WARN_BOOL_CONVERSION = YES;
				CLANG_WARN_COMMA = YES;
				CLANG_WARN_CONSTANT_CONVERSION = YES;
				CLANG_WARN_DEPRECATED_OBJC_IMPLEMENTATIONS = YES;
				CLANG_WARN_DIRECT_OBJC_ISA_USAGE = YES_ERROR;
				CLANG_WARN_DOCUMENTATION_COMMENTS = YES;
				CLANG_WARN_EMPTY_BODY = YES;
				CLANG_WARN_ENUM_CONVERSION = YES;
				CLANG_WARN_INFINITE_RECURSION = YES;
				CLANG_WARN_INT_CONVERSION = YES;
				CLANG_WARN_NON_LITERAL_NULL_CONVERSION = YES;
				CLANG_WARN_OBJC_IMPLICIT_RETAIN_SELF = YES;
				CLANG_WARN_OBJC_LITERAL_CONVERSION = YES;
				CLANG_WARN_OBJC_ROOT_CLASS = YES_ERROR;
				CLANG_WARN_QUOTED_INCLUDE_IN_FRAMEWORK_HEADER = YES;
				CLANG_WARN_RANGE_LOOP_ANALYSIS = YES;
				CLANG_WARN_STRICT_PROTOTYPES = YES;
				CLANG_WARN_SUSPICIOUS_MOVE = YES;
				CLANG_WARN_UNGUARDED_AVAILABILITY = YES_AGGRESSIVE;
				CLANG_WARN_UNREACHABLE_CODE = YES;
				CLANG_WARN__DUPLICATE_METHOD_MATCH = YES;
				COPY_PHASE_STRIP = NO;
				DEBUG_INFORMATION_FORMAT = "dwarf-with-dsym";
				ENABLE_NS_ASSERTIONS = NO;
				ENABLE_STRICT_OBJC_MSGSEND = YES;
				GCC_C_LANGUAGE_STANDARD = gnu11;
				GCC_NO_COMMON_BLOCKS = YES;
				GCC_WARN_64_TO_32_BIT_CONVERSION = YES;
				GCC_WARN_ABOUT_RETURN_TYPE = YES_ERROR;
				GCC_WARN_UNDECLARED_SELECTOR = YES;
				GCC_WARN_UNINITIALIZED_AUTOS = YES_AGGRESSIVE;
				GCC_WARN_UNUSED_FUNCTION = YES;
				GCC_WARN_UNUSED_VARIABLE = YES;
				IPHONEOS_DEPLOYMENT_TARGET = 15.0;
				MTL_ENABLE_DEBUG_INFO = NO;
				MTL_FAST_MATH = YES;
				SDKROOT = iphoneos;
				SWIFT_COMPILATION_MODE = wholemodule;
				SWIFT_OPTIMIZATION_LEVEL = "-O";
				VALIDATE_PRODUCT = YES;
			};
			name = Release;
		};
		8172148B275E1F7C00DBEE3B /* Debug */ = {
			isa = XCBuildConfiguration;
			buildSettings = {
				ASSETCATALOG_COMPILER_APPICON_NAME = AppIcon;
				ASSETCATALOG_COMPILER_GLOBAL_ACCENT_COLOR_NAME = AccentColor;
				CODE_SIGN_STYLE = Automatic;
				CURRENT_PROJECT_VERSION = 1;
				GENERATE_INFOPLIST_FILE = YES;
				INFOPLIST_FILE = BaiduFree/Info.plist;
				INFOPLIST_KEY_UIApplicationSupportsIndirectInputEvents = YES;
				INFOPLIST_KEY_UILaunchStoryboardName = LaunchScreen;
				INFOPLIST_KEY_UIMainStoryboardFile = Main;
				INFOPLIST_KEY_UISupportedInterfaceOrientations_iPad = "UIInterfaceOrientationPortrait UIInterfaceOrientationPortraitUpsideDown UIInterfaceOrientationLandscapeLeft UIInterfaceOrientationLandscapeRight";
				INFOPLIST_KEY_UISupportedInterfaceOrientations_iPhone = "UIInterfaceOrientationPortrait UIInterfaceOrientationLandscapeLeft UIInterfaceOrientationLandscapeRight";
				LD_RUNPATH_SEARCH_PATHS = (
					"$(inherited)",
					"@executable_path/Frameworks",
				);
				MARKETING_VERSION = 1.0;
				PRODUCT_BUNDLE_IDENTIFIER = hu.BaiduFree;
				PRODUCT_NAME = "$(TARGET_NAME)";
				SWIFT_EMIT_LOC_STRINGS = YES;
				SWIFT_VERSION = 5.0;
				TARGETED_DEVICE_FAMILY = "1,2";
			};
			name = Debug;
		};
		8172148C275E1F7C00DBEE3B /* Release */ = {
			isa = XCBuildConfiguration;
			buildSettings = {
				ASSETCATALOG_COMPILER_APPICON_NAME = AppIcon;
				ASSETCATALOG_COMPILER_GLOBAL_ACCENT_COLOR_NAME = AccentColor;
				CODE_SIGN_STYLE = Automatic;
				CURRENT_PROJECT_VERSION = 1;
				GENERATE_INFOPLIST_FILE = YES;
				INFOPLIST_FILE = BaiduFree/Info.plist;
				INFOPLIST_KEY_UIApplicationSupportsIndirectInputEvents = YES;
				INFOPLIST_KEY_UILaunchStoryboardName = LaunchScreen;
				INFOPLIST_KEY_UIMainStoryboardFile = Main;
				INFOPLIST_KEY_UISupportedInterfaceOrientations_iPad = "UIInterfaceOrientationPortrait UIInterfaceOrientationPortraitUpsideDown UIInterfaceOrientationLandscapeLeft UIInterfaceOrientationLandscapeRight";
				INFOPLIST_KEY_UISupportedInterfaceOrientations_iPhone = "UIInterfaceOrientationPortrait UIInterfaceOrientationLandscapeLeft UIInterfaceOrientationLandscapeRight";
				LD_RUNPATH_SEARCH_PATHS = (
					"$(inherited)",
					"@executable_path/Frameworks",
				);
				MARKETING_VERSION = 1.0;
				PRODUCT_BUNDLE_IDENTIFIER = hu.BaiduFree;
				PRODUCT_NAME = "$(TARGET_NAME)";
				SWIFT_EMIT_LOC_STRINGS = YES;
				SWIFT_VERSION = 5.0;
				TARGETED_DEVICE_FAMILY = "1,2";
			};
			name = Release;
		};
/* End XCBuildConfiguration section */

/* Begin XCConfigurationList section */
		81721471275E1F7B00DBEE3B /* Build configuration list for PBXProject "BaiduFree" */ = {
			isa = XCConfigurationList;
			buildConfigurations = (
				81721488275E1F7C00DBEE3B /* Debug */,
				81721489275E1F7C00DBEE3B /* Release */,
			);
			defaultConfigurationIsVisible = 0;
			defaultConfigurationName = Release;
		};
		8172148A275E1F7C00DBEE3B /* Build configuration list for PBXNativeTarget "BaiduFree" */ = {
			isa = XCConfigurationList;
			buildConfigurations = (
				8172148B275E1F7C00DBEE3B /* Debug */,
				8172148C275E1F7C00DBEE3B /* Release */,
			);
			defaultConfigurationIsVisible = 0;
			defaultConfigurationName = Release;
		};
/* End XCConfigurationList section */

/* Begin XCRemoteSwiftPackageReference section */
		8172148D275E1FAB00DBEE3B /* XCRemoteSwiftPackageReference "SwiftBrick" */ = {
			isa = XCRemoteSwiftPackageReference;
			repositoryURL = "https://github.com/jackiehu/SwiftBrick";
			requirement = {
				kind = upToNextMajorVersion;
				minimumVersion = 1.0.0;
			};
		};
		81721493275E204300DBEE3B /* XCRemoteSwiftPackageReference "ListDataSource" */ = {
			isa = XCRemoteSwiftPackageReference;
			repositoryURL = "https://github.com/jackiehu/ListDataSource";
			requirement = {
				kind = upToNextMajorVersion;
				minimumVersion = 0.2.1;
			};
		};
		81721499275E207D00DBEE3B /* XCRemoteSwiftPackageReference "SwiftEmptyData" */ = {
			isa = XCRemoteSwiftPackageReference;
			repositoryURL = "https://github.com/jackiehu/SwiftEmptyData";
			requirement = {
				kind = upToNextMajorVersion;
				minimumVersion = 1.0.0;
			};
		};
		8172149C275E212F00DBEE3B /* XCRemoteSwiftPackageReference "Kanna" */ = {
			isa = XCRemoteSwiftPackageReference;
			repositoryURL = "https://github.com/tid-kijyun/Kanna";
			requirement = {
				kind = upToNextMajorVersion;
				minimumVersion = 5.0.0;
			};
		};
		81879A65275F33C300A3DC14 /* XCRemoteSwiftPackageReference "EFQRCode" */ = {
			isa = XCRemoteSwiftPackageReference;
			repositoryURL = "https://github.com/EFPrefix/EFQRCode";
			requirement = {
				kind = upToNextMajorVersion;
				minimumVersion = 6.0.0;
			};
		};
		81879A69275F57B300A3DC14 /* XCRemoteSwiftPackageReference "SwiftShow" */ = {
			isa = XCRemoteSwiftPackageReference;
			repositoryURL = "https://github.com/jackiehu/SwiftShow";
			requirement = {
				kind = upToNextMajorVersion;
				minimumVersion = 0.7.0;
			};
		};
/* End XCRemoteSwiftPackageReference section */

/* Begin XCSwiftPackageProductDependency section */
		8172148E275E1FAC00DBEE3B /* SwiftBrick */ = {
			isa = XCSwiftPackageProductDependency;
			package = 8172148D275E1FAB00DBEE3B /* XCRemoteSwiftPackageReference "SwiftBrick" */;
			productName = SwiftBrick;
		};
		81721494275E204300DBEE3B /* ListDataSource */ = {
			isa = XCSwiftPackageProductDependency;
			package = 81721493275E204300DBEE3B /* XCRemoteSwiftPackageReference "ListDataSource" */;
			productName = ListDataSource;
		};
		8172149A275E207D00DBEE3B /* SwiftEmptyData */ = {
			isa = XCSwiftPackageProductDependency;
			package = 81721499275E207D00DBEE3B /* XCRemoteSwiftPackageReference "SwiftEmptyData" */;
			productName = SwiftEmptyData;
		};
		8172149D275E212F00DBEE3B /* Kanna */ = {
			isa = XCSwiftPackageProductDependency;
			package = 8172149C275E212F00DBEE3B /* XCRemoteSwiftPackageReference "Kanna" */;
			productName = Kanna;
		};
		81879A66275F33C300A3DC14 /* EFQRCode */ = {
			isa = XCSwiftPackageProductDependency;
			package = 81879A65275F33C300A3DC14 /* XCRemoteSwiftPackageReference "EFQRCode" */;
			productName = EFQRCode;
		};
		81879A6A275F57B300A3DC14 /* SwiftShow */ = {
			isa = XCSwiftPackageProductDependency;
			package = 81879A69275F57B300A3DC14 /* XCRemoteSwiftPackageReference "SwiftShow" */;
			productName = SwiftShow;
		};
/* End XCSwiftPackageProductDependency section */
	};
	rootObject = 8172146E275E1F7B00DBEE3B /* Project object */;
}
